<?xml version="1.0" encoding="utf-8"?>
<Project ToolsVersion="4.0" xmlns="http://schemas.microsoft.com/developer/msbuild/2003">
  <ItemGroup>
    <Filter Include="Source Files">
      <UniqueIdentifier>{5a4181b2-4457-422f-9c03-0c07adf9f225}</UniqueIdentifier>
    </Filter>
    <Filter Include="Generated Files">
      <UniqueIdentifier>{61facc17-8231-4c8d-82fe-4888365fb142}</UniqueIdentifier>
      <SourceControlFiles>False</SourceControlFiles>
    </Filter>
  </ItemGroup>
  <ItemGroup>
    <None Include="AssemblyInformationps.def" />
  </ItemGroup>
  <ItemGroup>
    <ClCompile Include="AssemblyInformation_i.c">
      <Filter>Generated Files</Filter>
    </ClCompile>
    <ClCompile Include="AssemblyInformation_p.c">
      <Filter>Generated Files</Filter>
    </ClCompile>
    <ClCompile Include="dlldata.c">
      <Filter>Generated Files</Filter>
    </ClCompile>
  </ItemGroup>
</Project>