
Microsoft Visual Studio Solution File, Format Version 10.00
# Visual Studio 2008
Project("{54435603-DBB4-11D2-8724-00A0C9A8B90C}") = "Att.AssemblyInformation.Setup", "Att.AssemblyInformation.Setup\Att.AssemblyInformation.Setup.vdproj", "{181ED8C3-CAF1-4878-BEE9-4178CBD0F0D3}"
EndProject
Project("{FAE04EC0-301F-11D3-BF4B-00C04F79EFBC}") = "AssemblyInformationX86", "AssemblyInformationX86.csproj", "{ED2CFF97-A61C-49EC-ACA4-A1564CD68449}"
EndProject
Project("{FAE04EC0-301F-11D3-BF4B-00C04F79EFBC}") = "AssemblyInformationX64", "AssemblyInformationX64.csproj", "{EDA25DBF-B43F-4370-BF0C-A680E5EA76D1}"
EndProject
Global
	GlobalSection(SolutionConfigurationPlatforms) = preSolution
		Debug|Any CPU = Debug|Any CPU
		Release|Any CPU = Release|Any CPU
	EndGlobalSection
	GlobalSection(ProjectConfigurationPlatforms) = postSolution
		{181ED8C3-CAF1-4878-BEE9-4178CBD0F0D3}.Debug|Any CPU.ActiveCfg = Debug
		{181ED8C3-CAF1-4878-BEE9-4178CBD0F0D3}.Release|Any CPU.ActiveCfg = Release
		{ED2CFF97-A61C-49EC-ACA4-A1564CD68449}.Debug|Any CPU.ActiveCfg = Debug|Any CPU
		{ED2CFF97-A61C-49EC-ACA4-A1564CD68449}.Debug|Any CPU.Build.0 = Debug|Any CPU
		{ED2CFF97-A61C-49EC-ACA4-A1564CD68449}.Release|Any CPU.ActiveCfg = Release|Any CPU
		{ED2CFF97-A61C-49EC-ACA4-A1564CD68449}.Release|Any CPU.Build.0 = Release|Any CPU
		{EDA25DBF-B43F-4370-BF0C-A680E5EA76D1}.Debug|Any CPU.ActiveCfg = Debug|Any CPU
		{EDA25DBF-B43F-4370-BF0C-A680E5EA76D1}.Debug|Any CPU.Build.0 = Debug|Any CPU
		{EDA25DBF-B43F-4370-BF0C-A680E5EA76D1}.Release|Any CPU.ActiveCfg = Release|Any CPU
		{EDA25DBF-B43F-4370-BF0C-A680E5EA76D1}.Release|Any CPU.Build.0 = Release|Any CPU
	EndGlobalSection
	GlobalSection(SolutionProperties) = preSolution
		HideSolutionNode = FALSE
	EndGlobalSection
	GlobalSection(TeamFoundationVersionControl) = preSolution
		SccNumberOfProjects = 3
		SccEnterpriseProvider = {4CA58AB2-18FA-4F8D-95D4-32DDF27D184C}
		SccTeamFoundationServer = https://tfs06.codeplex.com/
		SccLocalPath0 = .
		SccProjectUniqueName1 = Att.AssemblyInformation.csproj
		SccLocalPath1 = .
		SccProjectUniqueName2 = Att.AssemblyInformation.Setup\\Att.AssemblyInformation.Setup.vdproj
		SccProjectName2 = Att.AssemblyInformation.Setup
		SccLocalPath2 = Att.AssemblyInformation.Setup
	EndGlobalSection
EndGlobal
